<?xml version="1.0" encoding="utf-8"?>
<Project ToolsVersion="4.0" xmlns="http://schemas.microsoft.com/developer/msbuild/2003">
  <ItemGroup>
    <Filter Include="源文件">
      <UniqueIdentifier>{4FC737F1-C7A5-4376-A066-2A32D752A2FF}</UniqueIdentifier>
      <Extensions>cpp;c;cc;cxx;def;odl;idl;hpj;bat;asm;asmx</Extensions>
    </Filter>
    <Filter Include="头文件">
      <UniqueIdentifier>{93995380-89BD-4b04-88EB-625FBE52EBFB}</UniqueIdentifier>
      <Extensions>h;hh;hpp;hxx;hm;inl;inc;xsd</Extensions>
    </Filter>
    <Filter Include="资源文件">
      <UniqueIdentifier>{67DA6AB6-F800-4c08-8B7A-83BB121AAD01}</UniqueIdentifier>
      <Extensions>rc;ico;cur;bmp;dlg;rc2;rct;bin;rgs;gif;jpg;jpeg;jpe;resx;tiff;tif;png;wav;mfcribbon-ms</Extensions>
    </Filter>
    <Filter Include="utils">
      <UniqueIdentifier>{442a6346-aa48-4ca8-9bb0-4a439b053157}</UniqueIdentifier>
    </Filter>
    <Filter Include="Log">
      <UniqueIdentifier>{4b5942bd-fd85-451e-9854-04af2636753d}</UniqueIdentifier>
    </Filter>
    <Filter Include="Clock">
      <UniqueIdentifier>{52425f0d-014a-4eed-a793-e9b64a698296}</UniqueIdentifier>
    </Filter>
    <Filter Include="Network">
      <UniqueIdentifier>{3fda2d1b-e5ae-49d5-a42e-0e771f45d9e9}</UniqueIdentifier>
    </Filter>
    <Filter Include="Thread">
      <UniqueIdentifier>{1b6b5ddf-7914-4073-95f1-6aeea6330c63}</UniqueIdentifier>
    </Filter>
  </ItemGroup>
  <ItemGroup>
    <ClCompile Include="main.cpp">
      <Filter>源文件</Filter>
    </ClCompile>
    <ClCompile Include="Thead\RWMutex.cpp">
      <Filter>Thread</Filter>
    </ClCompile>
    <ClCompile Include="Log\log4z.cpp">
      <Filter>Log</Filter>
    </ClCompile>
    <ClCompile Include="Network\Addr.cpp">
      <Filter>Network</Filter>
    </ClCompile>
    <ClCompile Include="Network\Conn.cpp">
      <Filter>Network</Filter>
    </ClCompile>
    <ClCompile Include="Network\netFd.cpp">
      <Filter>Network</Filter>
    </ClCompile>
    <ClCompile Include="Network\TCPAddr.cpp">
      <Filter>Network</Filter>
    </ClCompile>
    <ClCompile Include="Network\TcpConn.cpp">
      <Filter>Network</Filter>
    </ClCompile>
    <ClCompile Include="Network\TcpServerClientConn.cpp">
      <Filter>Network</Filter>
    </ClCompile>
    <ClCompile Include="Network\utilsLinux.cpp">
      <Filter>Network</Filter>
    </ClCompile>
    <ClCompile Include="Network\utilsNet.cpp">
      <Filter>Network</Filter>
    </ClCompile>
    <ClCompile Include="Network\utilsWin.cpp">
      <Filter>Network</Filter>
    </ClCompile>
    <ClCompile Include="utils\circularBuffer.cpp">
      <Filter>utils</Filter>
    </ClCompile>
    <ClCompile Include="utils\DataPacket.cpp">
      <Filter>utils</Filter>
    </ClCompile>
  </ItemGroup>
  <ItemGroup>
    <ClInclude Include="Thead\RWMutex.h">
      <Filter>Thread</Filter>
    </ClInclude>
    <ClInclude Include="Log\log4z.h">
      <Filter>Log</Filter>
    </ClInclude>
    <ClInclude Include="Clock\Timer.h">
      <Filter>Clock</Filter>
    </ClInclude>
    <ClInclude Include="Network\Addr.h">
      <Filter>Network</Filter>
    </ClInclude>
    <ClInclude Include="Network\Conn.h">
      <Filter>Network</Filter>
    </ClInclude>
    <ClInclude Include="Network\netFd.h">
      <Filter>Network</Filter>
    </ClInclude>
    <ClInclude Include="Network\TCPAddr.h">
      <Filter>Network</Filter>
    </ClInclude>
    <ClInclude Include="Network\TcpConn.h">
      <Filter>Network</Filter>
    </ClInclude>
    <ClInclude Include="Network\TcpServerClientConn.h">
      <Filter>Network</Filter>
    </ClInclude>
    <ClInclude Include="Network\utilsLinux.h">
      <Filter>Network</Filter>
    </ClInclude>
    <ClInclude Include="Network\utilsNet.h">
      <Filter>Network</Filter>
    </ClInclude>
    <ClInclude Include="Network\utilsWin.h">
      <Filter>Network</Filter>
    </ClInclude>
    <ClInclude Include="utils\circularBuffer.h">
      <Filter>utils</Filter>
    </ClInclude>
    <ClInclude Include="utils\DataPacket.h">
      <Filter>utils</Filter>
    </ClInclude>
  </ItemGroup>
</Project>